{
    "_readme": [
        "This file locks the dependencies of your project to a known state",
        "Read more about it at http://getcomposer.org/doc/01-basic-usage.md#composer-lock-the-lock-file",
        "This file is @generated automatically"
    ],
    "hash": "c4934d6d60b8ef9075aa893b4f85a25d",
    "packages": [
        {
            "name": "openbuildings/environment-backup",
            "version": "0.1.1",
            "source": {
                "type": "git",
                "url": "https://github.com/OpenBuildings/environment-backup.git",
                "reference": "0.1.1"
            },
            "dist": {
                "type": "zip",
                "url": "https://api.github.com/repos/OpenBuildings/environment-backup/zipball/0.1.1",
                "reference": "0.1.1",
                "shasum": ""
            },
            "require-dev": {
                "openbuildings/kohana-test-bootsrap": "dev-master"
            },
            "type": "library",
            "autoload": {
                "psr-0": {
                    "Openbuildings\\EnvironmentBackup\\": "src/"
                }
            },
            "notification-url": "https://packagist.org/downloads/",
            "license": [
                "BSD-3-Clause"
            ],
            "authors": [
                {
                    "name": "Ivan Kerin",
                    "email": "ivan@openbuildings.com",
                    "homepage": "https://github.com/OpenBuildings/jam",
                    "role": "Author"
                }
            ],
            "description": "Backup/restore environment variables: globals, static vars, configs",
            "time": "2013-07-24 07:26:52"
        },
        {
            "name": "symfony/css-selector",
            "version": "v2.6.6",
            "target-dir": "Symfony/Component/CssSelector",
            "source": {
                "type": "git",
                "url": "https://github.com/symfony/CssSelector.git",
                "reference": "db2c48df9658423a8c168d89f7b971b73d3d74a4"
            },
            "dist": {
                "type": "zip",
                "url": "https://api.github.com/repos/symfony/CssSelector/zipball/db2c48df9658423a8c168d89f7b971b73d3d74a4",
                "reference": "db2c48df9658423a8c168d89f7b971b73d3d74a4",
                "shasum": ""
            },
            "require": {
                "php": ">=5.3.3"
            },
            "require-dev": {
                "symfony/phpunit-bridge": "~2.7"
            },
            "type": "library",
            "extra": {
                "branch-alias": {
                    "dev-master": "2.6-dev"
                }
            },
            "autoload": {
                "psr-0": {
                    "Symfony\\Component\\CssSelector\\": ""
                }
            },
            "notification-url": "https://packagist.org/downloads/",
            "license": [
                "MIT"
            ],
            "authors": [
                {
                    "name": "Symfony Community",
                    "homepage": "http://symfony.com/contributors"
                },
                {
                    "name": "Jean-François Simon",
                    "email": "jeanfrancois.simon@sensiolabs.com"
                },
                {
                    "name": "Fabien Potencier",
                    "email": "fabien@symfony.com"
                }
            ],
            "description": "Symfony CssSelector Component",
            "homepage": "http://symfony.com",
            "time": "2015-03-22 16:55:57"
        }
    ],
    "packages-dev": [
        {
            "name": "openbuildings/kohana-test-bootsrap",
            "version": "0.1.2",
            "source": {
                "type": "git",
                "url": "https://github.com/OpenBuildings/kohana-test-bootstrap.git",
                "reference": "57c9cae9bd97edbe58d1c41c35c499c7d54f4030"
            },
            "dist": {
                "type": "zip",
                "url": "https://api.github.com/repos/OpenBuildings/kohana-test-bootstrap/zipball/57c9cae9bd97edbe58d1c41c35c499c7d54f4030",
                "reference": "57c9cae9bd97edbe58d1c41c35c499c7d54f4030",
                "shasum": ""
            },
            "type": "library",
            "autoload": {
                "files": [
                    "bootstrap.php"
                ]
            },
            "notification-url": "https://packagist.org/downloads/",
            "license": [
                "BSD-3-Clause"
            ],
            "authors": [
                {
                    "name": "Ivan Kerin",
                    "email": "ivan@openbuildings.com",
                    "homepage": "https://github.com/OpenBuildings/jam",
                    "role": "Author"
                }
            ],
            "description": "Kohana core classes repackaged with composer, used to test modules",
            "time": "2013-10-01 08:57:54"
        }
    ],
    "aliases": [],
    "minimum-stability": "stable",
    "stability-flags": [],
    "prefer-stable": false,
    "prefer-lowest": false,
    "platform": [],
    "platform-dev": []
}
